{
  "version": 4,
  "terraform_version": "1.15.8",
  "serial": 4,
  "lineage": "0cb0263f-fae8-79d1-ecac-4f9b0171b28c",
  "outputs": {},
  "resources": [
    {
      "mode": "managed",
      "type": "local_file",
      "name": "my_example_file",
      "provider": "provider[\"registry.terraform.io/hashicorp/local\"]",
      "instances": [
        {
          "schema_version": 0,
          "attributes": {
            "content": "Hello, Terraform IaC! Updated successfully.",
            "content_base64": null,
            "content_base64sha256": "167/LTbZrrMUOfYMpWz4bhI/99TVIipyIbo6uUY46IM=",
            "content_base64sha512": "x2Y+3OAH1nYkXLeq8aATCpD7IO+RR14/40QV4RiAr0hn5K9lYVRPI/shtmEiYNkj3lrE8Vv8FFMoVD3d43DwHQ==",
            "content_md5": "d83e5df7c3c1b3f1f1de43a5e9a054a6",
            "content_sha1": "51a23989728bb7d451b41ac62293d1e5c8645789",
            "content_sha256": "d7aeff2d36d9aeb31439f60ca56cf86e123ff7d4d5222a7221ba3ab94638e883",
            "content_sha512": "c7663edce007d676245cb7aaf1a0130a90fb20ef91475e3fe34415e11880af4867e4af6561544f23fb21b6612260d923de5ac4f15bfc145328543ddde370f01d",
            "directory_permission": "0777",
            "file_permission": "0777",
            "filename": "./example.txt",
            "id": "51a23989728bb7d451b41ac62293d1e5c8645789",
            "sensitive_content": null,
            "source": null
          },
          "sensitive_attributes": [
            [
              {
                "type": "get_attr",
                "value": "sensitive_content"
              }
            ]
          ],
          "identity_schema_version": 0
        }
      ]
    }
  ],
  "check_results": null
}
